
Microsoft Visual Studio Solution File, Format Version 12.00
# Visual Studio Version 17
VisualStudioVersion = 17.10.35027.167
MinimumVisualStudioVersion = 10.0.40219.1
Project("{FAE04EC0-301F-11D3-BF4B-00C04F79EFBC}") = "responsivekodolas", "responsivekodolas\responsivekodolas.csproj", "{D040B79F-0899-46E9-A869-17B81C36D63D}"
EndProject
Global
	GlobalSection(SolutionConfigurationPlatforms) = preSolution
		Debug|Any CPU = Debug|Any CPU
		Release|Any CPU = Release|Any CPU
	EndGlobalSection
	GlobalSection(ProjectConfigurationPlatforms) = postSolution
		{D040B79F-0899-46E9-A869-17B81C36D63D}.Debug|Any CPU.ActiveCfg = Debug|Any CPU
		{D040B79F-0899-46E9-A869-17B81C36D63D}.Debug|Any CPU.Build.0 = Debug|Any CPU
		{D040B79F-0899-46E9-A869-17B81C36D63D}.Release|Any CPU.ActiveCfg = Release|Any CPU
		{D040B79F-0899-46E9-A869-17B81C36D63D}.Release|Any CPU.Build.0 = Release|Any CPU
	EndGlobalSection
	GlobalSection(SolutionProperties) = preSolution
		HideSolutionNode = FALSE
	EndGlobalSection
	GlobalSection(ExtensibilityGlobals) = postSolution
		SolutionGuid = {8AEFF5C8-3032-4573-9013-60D266007E72}
	EndGlobalSection
EndGlobal
